
Microsoft Visual Studio Solution File, Format Version 12.00
# Visual Studio Version 16
VisualStudioVersion = 16.0.32602.291
MinimumVisualStudioVersion = 10.0.40219.1
Project("{FAE04EC0-301F-11D3-BF4B-00C04F79EFBC}") = "CURD using ADO.NET", "CURD using ADO.NET\CURD using ADO.NET.csproj", "{A063DABB-C42F-4EAF-A68F-B6C2B67A929A}"
EndProject
Global
	GlobalSection(SolutionConfigurationPlatforms) = preSolution
		Debug|Any CPU = Debug|Any CPU
		Release|Any CPU = Release|Any CPU
	EndGlobalSection
	GlobalSection(ProjectConfigurationPlatforms) = postSolution
		{A063DABB-C42F-4EAF-A68F-B6C2B67A929A}.Debug|Any CPU.ActiveCfg = Debug|Any CPU
		{A063DABB-C42F-4EAF-A68F-B6C2B67A929A}.Debug|Any CPU.Build.0 = Debug|Any CPU
		{A063DABB-C42F-4EAF-A68F-B6C2B67A929A}.Release|Any CPU.ActiveCfg = Release|Any CPU
		{A063DABB-C42F-4EAF-A68F-B6C2B67A929A}.Release|Any CPU.Build.0 = Release|Any CPU
	EndGlobalSection
	GlobalSection(SolutionProperties) = preSolution
		HideSolutionNode = FALSE
	EndGlobalSection
	GlobalSection(ExtensibilityGlobals) = postSolution
		SolutionGuid = {19DF25CB-408F-4D85-9117-B85127C7C25E}
	EndGlobalSection
EndGlobal
